
Microsoft Visual Studio Solution File, Format Version 12.00
# Visual Studio Version 16
VisualStudioVersion = 16.0.29230.47
MinimumVisualStudioVersion = 10.0.40219.1
Project("{FAE04EC0-301F-11D3-BF4B-00C04F79EFBC}") = "PropertyManager", "PropertyManager.csproj", "{729E6446-6E8E-4F7C-B4E0-D68D4185D513}"
EndProject
Global
	GlobalSection(SolutionConfigurationPlatforms) = preSolution
		Debug|Any CPU = Debug|Any CPU
		Release|Any CPU = Release|Any CPU
	EndGlobalSection
	GlobalSection(ProjectConfigurationPlatforms) = postSolution
		{729E6446-6E8E-4F7C-B4E0-D68D4185D513}.Debug|Any CPU.ActiveCfg = Debug|Any CPU
		{729E6446-6E8E-4F7C-B4E0-D68D4185D513}.Debug|Any CPU.Build.0 = Debug|Any CPU
		{729E6446-6E8E-4F7C-B4E0-D68D4185D513}.Release|Any CPU.ActiveCfg = Release|Any CPU
		{729E6446-6E8E-4F7C-B4E0-D68D4185D513}.Release|Any CPU.Build.0 = Release|Any CPU
	EndGlobalSection
	GlobalSection(SolutionProperties) = preSolution
		HideSolutionNode = FALSE
	EndGlobalSection
	GlobalSection(ExtensibilityGlobals) = postSolution
		SolutionGuid = {E46A39A8-B080-43A5-AC14-5665466D308D}
	EndGlobalSection
EndGlobal
